
Microsoft Visual Studio Solution File, Format Version 12.00
# Visual Studio Version 17
VisualStudioVersion = 17.0.32112.339
MinimumVisualStudioVersion = 10.0.40219.1
Project("{FAE04EC0-301F-11D3-BF4B-00C04F79EFBC}") = "TestProject", "TestProject\TestProject.csproj", "{BA3D0B4A-95BC-4C59-968D-7B38FEAE0A94}"
EndProject
Global
	GlobalSection(SolutionConfigurationPlatforms) = preSolution
		Debug|Any CPU = Debug|Any CPU
		Release|Any CPU = Release|Any CPU
	EndGlobalSection
	GlobalSection(ProjectConfigurationPlatforms) = postSolution
		{BA3D0B4A-95BC-4C59-968D-7B38FEAE0A94}.Debug|Any CPU.ActiveCfg = Debug|Any CPU
		{BA3D0B4A-95BC-4C59-968D-7B38FEAE0A94}.Debug|Any CPU.Build.0 = Debug|Any CPU
		{BA3D0B4A-95BC-4C59-968D-7B38FEAE0A94}.Release|Any CPU.ActiveCfg = Release|Any CPU
		{BA3D0B4A-95BC-4C59-968D-7B38FEAE0A94}.Release|Any CPU.Build.0 = Release|Any CPU
	EndGlobalSection
	GlobalSection(SolutionProperties) = preSolution
		HideSolutionNode = FALSE
	EndGlobalSection
	GlobalSection(ExtensibilityGlobals) = postSolution
		SolutionGuid = {96BF94C4-EDCF-4A73-8202-DBE6C7D10039}
	EndGlobalSection
EndGlobal
